
Microsoft Visual Studio Solution File, Format Version 12.00
# Visual Studio Version 17
VisualStudioVersion = 17.1.32228.430
MinimumVisualStudioVersion = 10.0.40219.1
Project("{9A19103F-16F7-4668-BE54-9A1E7A4F7556}") = "Modelo", "Modelo\Modelo.csproj", "{A182F61E-21BB-4E46-9724-EE6D21C9FE8E}"
EndProject
Project("{9A19103F-16F7-4668-BE54-9A1E7A4F7556}") = "pjVentaHeredada", "pjVentaHeredada\pjVentaHeredada.csproj", "{9CD9C5F5-EF59-492E-B7DE-A3A99DBF833A}"
EndProject
Project("{9A19103F-16F7-4668-BE54-9A1E7A4F7556}") = "PruebaHerencia", "PruebaHerencia\PruebaHerencia.csproj", "{8030EB66-44AD-423A-908C-AE60C97ABDB1}"
EndProject
Project("{9A19103F-16F7-4668-BE54-9A1E7A4F7556}") = "PayrollSystemTest", "PayrollSystemTest\PayrollSystemTest.csproj", "{BD4BAE95-6EB4-4AE0-8A7D-5CD51CA46701}"
EndProject
Project("{9A19103F-16F7-4668-BE54-9A1E7A4F7556}") = "PayableInterfaceTest", "PayableInterfaceTest\PayableInterfaceTest.csproj", "{5F808E35-09A7-4630-B1F4-E4CA9BFB4216}"
EndProject
Project("{FAE04EC0-301F-11D3-BF4B-00C04F79EFBC}") = "PruebaInterfaces", "PruebaInterfaces\PruebaInterfaces.csproj", "{0EBFA64E-3890-4AE7-A935-5AF98ED1F6C3}"
EndProject
Project("{FAE04EC0-301F-11D3-BF4B-00C04F79EFBC}") = "PruebaIComparable", "PruebaIComparable\PruebaIComparable.csproj", "{2820FB48-1A8A-4CA1-90E1-3F1CA5C5E9D7}"
EndProject
Global
	GlobalSection(SolutionConfigurationPlatforms) = preSolution
		Debug|Any CPU = Debug|Any CPU
		Release|Any CPU = Release|Any CPU
	EndGlobalSection
	GlobalSection(ProjectConfigurationPlatforms) = postSolution
		{A182F61E-21BB-4E46-9724-EE6D21C9FE8E}.Debug|Any CPU.ActiveCfg = Debug|Any CPU
		{A182F61E-21BB-4E46-9724-EE6D21C9FE8E}.Debug|Any CPU.Build.0 = Debug|Any CPU
		{A182F61E-21BB-4E46-9724-EE6D21C9FE8E}.Release|Any CPU.ActiveCfg = Release|Any CPU
		{A182F61E-21BB-4E46-9724-EE6D21C9FE8E}.Release|Any CPU.Build.0 = Release|Any CPU
		{9CD9C5F5-EF59-492E-B7DE-A3A99DBF833A}.Debug|Any CPU.ActiveCfg = Debug|Any CPU
		{9CD9C5F5-EF59-492E-B7DE-A3A99DBF833A}.Debug|Any CPU.Build.0 = Debug|Any CPU
		{9CD9C5F5-EF59-492E-B7DE-A3A99DBF833A}.Release|Any CPU.ActiveCfg = Release|Any CPU
		{9CD9C5F5-EF59-492E-B7DE-A3A99DBF833A}.Release|Any CPU.Build.0 = Release|Any CPU
		{8030EB66-44AD-423A-908C-AE60C97ABDB1}.Debug|Any CPU.ActiveCfg = Debug|Any CPU
		{8030EB66-44AD-423A-908C-AE60C97ABDB1}.Debug|Any CPU.Build.0 = Debug|Any CPU
		{8030EB66-44AD-423A-908C-AE60C97ABDB1}.Release|Any CPU.ActiveCfg = Release|Any CPU
		{8030EB66-44AD-423A-908C-AE60C97ABDB1}.Release|Any CPU.Build.0 = Release|Any CPU
		{BD4BAE95-6EB4-4AE0-8A7D-5CD51CA46701}.Debug|Any CPU.ActiveCfg = Debug|Any CPU
		{BD4BAE95-6EB4-4AE0-8A7D-5CD51CA46701}.Debug|Any CPU.Build.0 = Debug|Any CPU
		{BD4BAE95-6EB4-4AE0-8A7D-5CD51CA46701}.Release|Any CPU.ActiveCfg = Release|Any CPU
		{BD4BAE95-6EB4-4AE0-8A7D-5CD51CA46701}.Release|Any CPU.Build.0 = Release|Any CPU
		{5F808E35-09A7-4630-B1F4-E4CA9BFB4216}.Debug|Any CPU.ActiveCfg = Debug|Any CPU
		{5F808E35-09A7-4630-B1F4-E4CA9BFB4216}.Debug|Any CPU.Build.0 = Debug|Any CPU
		{5F808E35-09A7-4630-B1F4-E4CA9BFB4216}.Release|Any CPU.ActiveCfg = Release|Any CPU
		{5F808E35-09A7-4630-B1F4-E4CA9BFB4216}.Release|Any CPU.Build.0 = Release|Any CPU
		{0EBFA64E-3890-4AE7-A935-5AF98ED1F6C3}.Debug|Any CPU.ActiveCfg = Debug|Any CPU
		{0EBFA64E-3890-4AE7-A935-5AF98ED1F6C3}.Debug|Any CPU.Build.0 = Debug|Any CPU
		{0EBFA64E-3890-4AE7-A935-5AF98ED1F6C3}.Release|Any CPU.ActiveCfg = Release|Any CPU
		{0EBFA64E-3890-4AE7-A935-5AF98ED1F6C3}.Release|Any CPU.Build.0 = Release|Any CPU
		{2820FB48-1A8A-4CA1-90E1-3F1CA5C5E9D7}.Debug|Any CPU.ActiveCfg = Debug|Any CPU
		{2820FB48-1A8A-4CA1-90E1-3F1CA5C5E9D7}.Debug|Any CPU.Build.0 = Debug|Any CPU
		{2820FB48-1A8A-4CA1-90E1-3F1CA5C5E9D7}.Release|Any CPU.ActiveCfg = Release|Any CPU
		{2820FB48-1A8A-4CA1-90E1-3F1CA5C5E9D7}.Release|Any CPU.Build.0 = Release|Any CPU
	EndGlobalSection
	GlobalSection(SolutionProperties) = preSolution
		HideSolutionNode = FALSE
	EndGlobalSection
	GlobalSection(ExtensibilityGlobals) = postSolution
		SolutionGuid = {F77D796B-137B-4747-AC40-EEF7BBF50CEB}
	EndGlobalSection
EndGlobal
